// !$*UTF8*$!
{
	archiveVersion = 1;
	classes = {
	};
	objectVersion = 51;
	objects = {

/* Begin PBXBuildFile section */
		03CBAFA2204ECDBE6911FDFA /* Pods_iTunesSearch.framework in Frameworks */ = {isa = PBXBuildFile; fileRef = 720CA24F4066C3CF005ADBFC /* Pods_iTunesSearch.framework */; };
		4F9C3F8323BE7F89005DEB98 /* AppDelegate.swift in Sources */ = {isa = PBXBuildFile; fileRef = 4F9C3F8223BE7F89005DEB98 /* AppDelegate.swift */; };
		4F9C3F8523BE7F89005DEB98 /* SceneDelegate.swift in Sources */ = {isa = PBXBuildFile; fileRef = 4F9C3F8423BE7F89005DEB98 /* SceneDelegate.swift */; };
		4F9C3F8723BE7F89005DEB98 /* ContentView.swift in Sources */ = {isa = PBXBuildFile; fileRef = 4F9C3F8623BE7F89005DEB98 /* ContentView.swift */; };
		4F9C3F8923BE7F8A005DEB98 /* Assets.xcassets in Resources */ = {isa = PBXBuildFile; fileRef = 4F9C3F8823BE7F8A005DEB98 /* Assets.xcassets */; };
		4F9C3F8C23BE7F8A005DEB98 /* Preview Assets.xcassets in Resources */ = {isa = PBXBuildFile; fileRef = 4F9C3F8B23BE7F8A005DEB98 /* Preview Assets.xcassets */; };
		4F9C3F8F23BE7F8A005DEB98 /* LaunchScreen.storyboard in Resources */ = {isa = PBXBuildFile; fileRef = 4F9C3F8D23BE7F8A005DEB98 /* LaunchScreen.storyboard */; };
		4F9C3FA523BE7F8A005DEB98 /* iTunesSearchUITests.swift in Sources */ = {isa = PBXBuildFile; fileRef = 4F9C3FA423BE7F8A005DEB98 /* iTunesSearchUITests.swift */; };
		4F9C3FB423BE8F73005DEB98 /* Api.swift in Sources */ = {isa = PBXBuildFile; fileRef = 4F9C3FB323BE8F73005DEB98 /* Api.swift */; };
		4F9C3FB623BE8F8F005DEB98 /* TrackApi.swift in Sources */ = {isa = PBXBuildFile; fileRef = 4F9C3FB523BE8F8F005DEB98 /* TrackApi.swift */; };
		4F9C3FB823BE8FB8005DEB98 /* TrackApiTest.swift in Sources */ = {isa = PBXBuildFile; fileRef = 4F9C3FB723BE8FB8005DEB98 /* TrackApiTest.swift */; };
		7B33E294F4EA04139A2FC655 /* Pods_iTunesSearchTests.framework in Frameworks */ = {isa = PBXBuildFile; fileRef = 19553BE3FB0AB17A68DA8C5A /* Pods_iTunesSearchTests.framework */; };
		EA15B2A091C65356A9B6DA4A /* Pods_iTunesSearchUITests.framework in Frameworks */ = {isa = PBXBuildFile; fileRef = 48667AC4F4E5385070AC1EDD /* Pods_iTunesSearchUITests.framework */; };
/* End PBXBuildFile section */

/* Begin PBXContainerItemProxy section */
		4F9C3F9623BE7F8A005DEB98 /* PBXContainerItemProxy */ = {
			isa = PBXContainerItemProxy;
			containerPortal = 4F9C3F7723BE7F89005DEB98 /* Project object */;
			proxyType = 1;
			remoteGlobalIDString = 4F9C3F7E23BE7F89005DEB98;
			remoteInfo = iTunesSearch;
		};
		4F9C3FA123BE7F8A005DEB98 /* PBXContainerItemProxy */ = {
			isa = PBXContainerItemProxy;
			containerPortal = 4F9C3F7723BE7F89005DEB98 /* Project object */;
			proxyType = 1;
			remoteGlobalIDString = 4F9C3F7E23BE7F89005DEB98;
			remoteInfo = iTunesSearch;
		};
/* End PBXContainerItemProxy section */

/* Begin PBXFileReference section */
		10E6C381085CE4F28358ED58 /* Pods-iTunesSearchTests.debug.xcconfig */ = {isa = PBXFileReference; includeInIndex = 1; lastKnownFileType = text.xcconfig; name = "Pods-iTunesSearchTests.debug.xcconfig"; path = "Target Support Files/Pods-iTunesSearchTests/Pods-iTunesSearchTests.debug.xcconfig"; sourceTree = "<group>"; };
		14EDAFAD701932050FE74305 /* Pods-iTunesSearch.debug.xcconfig */ = {isa = PBXFileReference; includeInIndex = 1; lastKnownFileType = text.xcconfig; name = "Pods-iTunesSearch.debug.xcconfig"; path = "Target Support Files/Pods-iTunesSearch/Pods-iTunesSearch.debug.xcconfig"; sourceTree = "<group>"; };
		19553BE3FB0AB17A68DA8C5A /* Pods_iTunesSearchTests.framework */ = {isa = PBXFileReference; explicitFileType = wrapper.framework; includeInIndex = 0; path = Pods_iTunesSearchTests.framework; sourceTree = BUILT_PRODUCTS_DIR; };
		22E214E1A916A8DCC15E4789 /* Pods-iTunesSearchUITests.release.xcconfig */ = {isa = PBXFileReference; includeInIndex = 1; lastKnownFileType = text.xcconfig; name = "Pods-iTunesSearchUITests.release.xcconfig"; path = "Target Support Files/Pods-iTunesSearchUITests/Pods-iTunesSearchUITests.release.xcconfig"; sourceTree = "<group>"; };
		48667AC4F4E5385070AC1EDD /* Pods_iTunesSearchUITests.framework */ = {isa = PBXFileReference; explicitFileType = wrapper.framework; includeInIndex = 0; path = Pods_iTunesSearchUITests.framework; sourceTree = BUILT_PRODUCTS_DIR; };
		4F9C3F7F23BE7F89005DEB98 /* iTunesSearch.app */ = {isa = PBXFileReference; explicitFileType = wrapper.application; includeInIndex = 0; path = iTunesSearch.app; sourceTree = BUILT_PRODUCTS_DIR; };
		4F9C3F8223BE7F89005DEB98 /* AppDelegate.swift */ = {isa = PBXFileReference; lastKnownFileType = sourcecode.swift; path = AppDelegate.swift; sourceTree = "<group>"; };
		4F9C3F8423BE7F89005DEB98 /* SceneDelegate.swift */ = {isa = PBXFileReference; lastKnownFileType = sourcecode.swift; path = SceneDelegate.swift; sourceTree = "<group>"; };
		4F9C3F8623BE7F89005DEB98 /* ContentView.swift */ = {isa = PBXFileReference; lastKnownFileType = sourcecode.swift; path = ContentView.swift; sourceTree = "<group>"; };
		4F9C3F8823BE7F8A005DEB98 /* Assets.xcassets */ = {isa = PBXFileReference; lastKnownFileType = folder.assetcatalog; path = Assets.xcassets; sourceTree = "<group>"; };
		4F9C3F8B23BE7F8A005DEB98 /* Preview Assets.xcassets */ = {isa = PBXFileReference; lastKnownFileType = folder.assetcatalog; path = "Preview Assets.xcassets"; sourceTree = "<group>"; };
		4F9C3F8E23BE7F8A005DEB98 /* Base */ = {isa = PBXFileReference; lastKnownFileType = file.storyboard; name = Base; path = Base.lproj/LaunchScreen.storyboard; sourceTree = "<group>"; };
		4F9C3F9023BE7F8A005DEB98 /* Info.plist */ = {isa = PBXFileReference; lastKnownFileType = text.plist.xml; path = Info.plist; sourceTree = "<group>"; };
		4F9C3F9523BE7F8A005DEB98 /* iTunesSearchTests.xctest */ = {isa = PBXFileReference; explicitFileType = wrapper.cfbundle; includeInIndex = 0; path = iTunesSearchTests.xctest; sourceTree = BUILT_PRODUCTS_DIR; };
		4F9C3F9B23BE7F8A005DEB98 /* Info.plist */ = {isa = PBXFileReference; lastKnownFileType = text.plist.xml; path = Info.plist; sourceTree = "<group>"; };
		4F9C3FA023BE7F8A005DEB98 /* iTunesSearchUITests.xctest */ = {isa = PBXFileReference; explicitFileType = wrapper.cfbundle; includeInIndex = 0; path = iTunesSearchUITests.xctest; sourceTree = BUILT_PRODUCTS_DIR; };
		4F9C3FA423BE7F8A005DEB98 /* iTunesSearchUITests.swift */ = {isa = PBXFileReference; lastKnownFileType = sourcecode.swift; path = iTunesSearchUITests.swift; sourceTree = "<group>"; };
		4F9C3FA623BE7F8A005DEB98 /* Info.plist */ = {isa = PBXFileReference; lastKnownFileType = text.plist.xml; path = Info.plist; sourceTree = "<group>"; };
		4F9C3FB323BE8F73005DEB98 /* Api.swift */ = {isa = PBXFileReference; lastKnownFileType = sourcecode.swift; path = Api.swift; sourceTree = "<group>"; };
		4F9C3FB523BE8F8F005DEB98 /* TrackApi.swift */ = {isa = PBXFileReference; lastKnownFileType = sourcecode.swift; path = TrackApi.swift; sourceTree = "<group>"; };
		4F9C3FB723BE8FB8005DEB98 /* TrackApiTest.swift */ = {isa = PBXFileReference; lastKnownFileType = sourcecode.swift; path = TrackApiTest.swift; sourceTree = "<group>"; };
		57F468676CA2617425A55E36 /* Pods-iTunesSearchUITests.debug.xcconfig */ = {isa = PBXFileReference; includeInIndex = 1; lastKnownFileType = text.xcconfig; name = "Pods-iTunesSearchUITests.debug.xcconfig"; path = "Target Support Files/Pods-iTunesSearchUITests/Pods-iTunesSearchUITests.debug.xcconfig"; sourceTree = "<group>"; };
		720CA24F4066C3CF005ADBFC /* Pods_iTunesSearch.framework */ = {isa = PBXFileReference; explicitFileType = wrapper.framework; includeInIndex = 0; path = Pods_iTunesSearch.framework; sourceTree = BUILT_PRODUCTS_DIR; };
		80F6B96E16550D88A53242E0 /* Pods-iTunesSearchTests.release.xcconfig */ = {isa = PBXFileReference; includeInIndex = 1; lastKnownFileType = text.xcconfig; name = "Pods-iTunesSearchTests.release.xcconfig"; path = "Target Support Files/Pods-iTunesSearchTests/Pods-iTunesSearchTests.release.xcconfig"; sourceTree = "<group>"; };
		E08489D77B5171A64507F74C /* Pods-iTunesSearch.release.xcconfig */ = {isa = PBXFileReference; includeInIndex = 1; lastKnownFileType = text.xcconfig; name = "Pods-iTunesSearch.release.xcconfig"; path = "Target Support Files/Pods-iTunesSearch/Pods-iTunesSearch.release.xcconfig"; sourceTree = "<group>"; };
/* End PBXFileReference section */

/* Begin PBXFrameworksBuildPhase section */
		4F9C3F7C23BE7F89005DEB98 /* Frameworks */ = {
			isa = PBXFrameworksBuildPhase;
			buildActionMask = 2147483647;
			files = (
				03CBAFA2204ECDBE6911FDFA /* Pods_iTunesSearch.framework in Frameworks */,
			);
			runOnlyForDeploymentPostprocessing = 0;
		};
		4F9C3F9223BE7F8A005DEB98 /* Frameworks */ = {
			isa = PBXFrameworksBuildPhase;
			buildActionMask = 2147483647;
			files = (
				7B33E294F4EA04139A2FC655 /* Pods_iTunesSearchTests.framework in Frameworks */,
			);
			runOnlyForDeploymentPostprocessing = 0;
		};
		4F9C3F9D23BE7F8A005DEB98 /* Frameworks */ = {
			isa = PBXFrameworksBuildPhase;
			buildActionMask = 2147483647;
			files = (
				EA15B2A091C65356A9B6DA4A /* Pods_iTunesSearchUITests.framework in Frameworks */,
			);
			runOnlyForDeploymentPostprocessing = 0;
		};
/* End PBXFrameworksBuildPhase section */

/* Begin PBXGroup section */
		1AE7316890AFFF6210BE514C /* Frameworks */ = {
			isa = PBXGroup;
			children = (
				720CA24F4066C3CF005ADBFC /* Pods_iTunesSearch.framework */,
				19553BE3FB0AB17A68DA8C5A /* Pods_iTunesSearchTests.framework */,
				48667AC4F4E5385070AC1EDD /* Pods_iTunesSearchUITests.framework */,
			);
			name = Frameworks;
			sourceTree = "<group>";
		};
		4F9C3F7623BE7F89005DEB98 = {
			isa = PBXGroup;
			children = (
				4F9C3F8123BE7F89005DEB98 /* iTunesSearch */,
				4F9C3F9823BE7F8A005DEB98 /* iTunesSearchTests */,
				4F9C3FA323BE7F8A005DEB98 /* iTunesSearchUITests */,
				4F9C3F8023BE7F89005DEB98 /* Products */,
				64DBEB5B5CCDFCA279531AFF /* Pods */,
				1AE7316890AFFF6210BE514C /* Frameworks */,
			);
			sourceTree = "<group>";
		};
		4F9C3F8023BE7F89005DEB98 /* Products */ = {
			isa = PBXGroup;
			children = (
				4F9C3F7F23BE7F89005DEB98 /* iTunesSearch.app */,
				4F9C3F9523BE7F8A005DEB98 /* iTunesSearchTests.xctest */,
				4F9C3FA023BE7F8A005DEB98 /* iTunesSearchUITests.xctest */,
			);
			name = Products;
			sourceTree = "<group>";
		};
		4F9C3F8123BE7F89005DEB98 /* iTunesSearch */ = {
			isa = PBXGroup;
			children = (
				4F9C3FB223BE8F64005DEB98 /* Model */,
				4F9C3F8223BE7F89005DEB98 /* AppDelegate.swift */,
				4F9C3F8423BE7F89005DEB98 /* SceneDelegate.swift */,
				4F9C3F8623BE7F89005DEB98 /* ContentView.swift */,
				4F9C3F8823BE7F8A005DEB98 /* Assets.xcassets */,
				4F9C3F8D23BE7F8A005DEB98 /* LaunchScreen.storyboard */,
				4F9C3F9023BE7F8A005DEB98 /* Info.plist */,
				4F9C3F8A23BE7F8A005DEB98 /* Preview Content */,
			);
			path = iTunesSearch;
			sourceTree = "<group>";
		};
		4F9C3F8A23BE7F8A005DEB98 /* Preview Content */ = {
			isa = PBXGroup;
			children = (
				4F9C3F8B23BE7F8A005DEB98 /* Preview Assets.xcassets */,
			);
			path = "Preview Content";
			sourceTree = "<group>";
		};
		4F9C3F9823BE7F8A005DEB98 /* iTunesSearchTests */ = {
			isa = PBXGroup;
			children = (
				4F9C3F9B23BE7F8A005DEB98 /* Info.plist */,
				4F9C3FB723BE8FB8005DEB98 /* TrackApiTest.swift */,
			);
			path = iTunesSearchTests;
			sourceTree = "<group>";
		};
		4F9C3FA323BE7F8A005DEB98 /* iTunesSearchUITests */ = {
			isa = PBXGroup;
			children = (
				4F9C3FA423BE7F8A005DEB98 /* iTunesSearchUITests.swift */,
				4F9C3FA623BE7F8A005DEB98 /* Info.plist */,
			);
			path = iTunesSearchUITests;
			sourceTree = "<group>";
		};
		4F9C3FB223BE8F64005DEB98 /* Model */ = {
			isa = PBXGroup;
			children = (
				4F9C3FB323BE8F73005DEB98 /* Api.swift */,
				4F9C3FB523BE8F8F005DEB98 /* TrackApi.swift */,
			);
			path = Model;
			sourceTree = "<group>";
		};
		64DBEB5B5CCDFCA279531AFF /* Pods */ = {
			isa = PBXGroup;
			children = (
				14EDAFAD701932050FE74305 /* Pods-iTunesSearch.debug.xcconfig */,
				E08489D77B5171A64507F74C /* Pods-iTunesSearch.release.xcconfig */,
				10E6C381085CE4F28358ED58 /* Pods-iTunesSearchTests.debug.xcconfig */,
				80F6B96E16550D88A53242E0 /* Pods-iTunesSearchTests.release.xcconfig */,
				57F468676CA2617425A55E36 /* Pods-iTunesSearchUITests.debug.xcconfig */,
				22E214E1A916A8DCC15E4789 /* Pods-iTunesSearchUITests.release.xcconfig */,
			);
			path = Pods;
			sourceTree = "<group>";
		};
/* End PBXGroup section */

/* Begin PBXNativeTarget section */
		4F9C3F7E23BE7F89005DEB98 /* iTunesSearch */ = {
			isa = PBXNativeTarget;
			buildConfigurationList = 4F9C3FA923BE7F8A005DEB98 /* Build configuration list for PBXNativeTarget "iTunesSearch" */;
			buildPhases = (
				4A089C21BC6851E89B3BA4CA /* [CP] Check Pods Manifest.lock */,
				4F9C3F7B23BE7F89005DEB98 /* Sources */,
				4F9C3F7C23BE7F89005DEB98 /* Frameworks */,
				4F9C3F7D23BE7F89005DEB98 /* Resources */,
				634CDD1FE60BEBBB15092FDA /* [CP] Embed Pods Frameworks */,
			);
			buildRules = (
			);
			dependencies = (
			);
			name = iTunesSearch;
			productName = iTunesSearch;
			productReference = 4F9C3F7F23BE7F89005DEB98 /* iTunesSearch.app */;
			productType = "com.apple.product-type.application";
		};
		4F9C3F9423BE7F8A005DEB98 /* iTunesSearchTests */ = {
			isa = PBXNativeTarget;
			buildConfigurationList = 4F9C3FAC23BE7F8A005DEB98 /* Build configuration list for PBXNativeTarget "iTunesSearchTests" */;
			buildPhases = (
				E218A74D42E46D05B8CB27B8 /* [CP] Check Pods Manifest.lock */,
				4F9C3F9123BE7F8A005DEB98 /* Sources */,
				4F9C3F9223BE7F8A005DEB98 /* Frameworks */,
				4F9C3F9323BE7F8A005DEB98 /* Resources */,
				EA721088671F9F2AF6A4707F /* [CP] Embed Pods Frameworks */,
			);
			buildRules = (
			);
			dependencies = (
				4F9C3F9723BE7F8A005DEB98 /* PBXTargetDependency */,
			);
			name = iTunesSearchTests;
			productName = iTunesSearchTests;
			productReference = 4F9C3F9523BE7F8A005DEB98 /* iTunesSearchTests.xctest */;
			productType = "com.apple.product-type.bundle.unit-test";
		};
		4F9C3F9F23BE7F8A005DEB98 /* iTunesSearchUITests */ = {
			isa = PBXNativeTarget;
			buildConfigurationList = 4F9C3FAF23BE7F8A005DEB98 /* Build configuration list for PBXNativeTarget "iTunesSearchUITests" */;
			buildPhases = (
				D755EE7DD49D29CFBB475858 /* [CP] Check Pods Manifest.lock */,
				4F9C3F9C23BE7F8A005DEB98 /* Sources */,
				4F9C3F9D23BE7F8A005DEB98 /* Frameworks */,
				4F9C3F9E23BE7F8A005DEB98 /* Resources */,
			);
			buildRules = (
			);
			dependencies = (
				4F9C3FA223BE7F8A005DEB98 /* PBXTargetDependency */,
			);
			name = iTunesSearchUITests;
			productName = iTunesSearchUITests;
			productReference = 4F9C3FA023BE7F8A005DEB98 /* iTunesSearchUITests.xctest */;
			productType = "com.apple.product-type.bundle.ui-testing";
		};
/* End PBXNativeTarget section */

/* Begin PBXProject section */
		4F9C3F7723BE7F89005DEB98 /* Project object */ = {
			isa = PBXProject;
			attributes = {
				LastSwiftUpdateCheck = 1100;
				LastUpgradeCheck = 1100;
				ORGANIZATIONNAME = "Jorge Acosta";
				TargetAttributes = {
					4F9C3F7E23BE7F89005DEB98 = {
						CreatedOnToolsVersion = 11.0;
					};
					4F9C3F9423BE7F8A005DEB98 = {
						CreatedOnToolsVersion = 11.0;
						TestTargetID = 4F9C3F7E23BE7F89005DEB98;
					};
					4F9C3F9F23BE7F8A005DEB98 = {
						CreatedOnToolsVersion = 11.0;
						TestTargetID = 4F9C3F7E23BE7F89005DEB98;
					};
				};
			};
			buildConfigurationList = 4F9C3F7A23BE7F89005DEB98 /* Build configuration list for PBXProject "iTunesSearch" */;
			compatibilityVersion = "Xcode 9.3";
			developmentRegion = en;
			hasScannedForEncodings = 0;
			knownRegions = (
				en,
				Base,
			);
			mainGroup = 4F9C3F7623BE7F89005DEB98;
			productRefGroup = 4F9C3F8023BE7F89005DEB98 /* Products */;
			projectDirPath = "";
			projectRoot = "";
			targets = (
				4F9C3F7E23BE7F89005DEB98 /* iTunesSearch */,
				4F9C3F9423BE7F8A005DEB98 /* iTunesSearchTests */,
				4F9C3F9F23BE7F8A005DEB98 /* iTunesSearchUITests */,
			);
		};
/* End PBXProject section */

/* Begin PBXResourcesBuildPhase section */
		4F9C3F7D23BE7F89005DEB98 /* Resources */ = {
			isa = PBXResourcesBuildPhase;
			buildActionMask = 2147483647;
			files = (
				4F9C3F8F23BE7F8A005DEB98 /* LaunchScreen.storyboard in Resources */,
				4F9C3F8C23BE7F8A005DEB98 /* Preview Assets.xcassets in Resources */,
				4F9C3F8923BE7F8A005DEB98 /* Assets.xcassets in Resources */,
			);
			runOnlyForDeploymentPostprocessing = 0;
		};
		4F9C3F9323BE7F8A005DEB98 /* Resources */ = {
			isa = PBXResourcesBuildPhase;
			buildActionMask = 2147483647;
			files = (
			);
			runOnlyForDeploymentPostprocessing = 0;
		};
		4F9C3F9E23BE7F8A005DEB98 /* Resources */ = {
			isa = PBXResourcesBuildPhase;
			buildActionMask = 2147483647;
			files = (
			);
			runOnlyForDeploymentPostprocessing = 0;
		};
/* End PBXResourcesBuildPhase section */

/* Begin PBXShellScriptBuildPhase section */
		4A089C21BC6851E89B3BA4CA /* [CP] Check Pods Manifest.lock */ = {
			isa = PBXShellScriptBuildPhase;
			buildActionMask = 2147483647;
			files = (
			);
			inputFileListPaths = (
			);
			inputPaths = (
				"${PODS_PODFILE_DIR_PATH}/Podfile.lock",
				"${PODS_ROOT}/Manifest.lock",
			);
			name = "[CP] Check Pods Manifest.lock";
			outputFileListPaths = (
			);
			outputPaths = (
				"$(DERIVED_FILE_DIR)/Pods-iTunesSearch-checkManifestLockResult.txt",
			);
			runOnlyForDeploymentPostprocessing = 0;
			shellPath = /bin/sh;
			shellScript = "diff \"${PODS_PODFILE_DIR_PATH}/Podfile.lock\" \"${PODS_ROOT}/Manifest.lock\" > /dev/null\nif [ $? != 0 ] ; then\n    # print error to STDERR\n    echo \"error: The sandbox is not in sync with the Podfile.lock. Run 'pod install' or update your CocoaPods installation.\" >&2\n    exit 1\nfi\n# This output is used by Xcode 'outputs' to avoid re-running this script phase.\necho \"SUCCESS\" > \"${SCRIPT_OUTPUT_FILE_0}\"\n";
			showEnvVarsInLog = 0;
		};
		634CDD1FE60BEBBB15092FDA /* [CP] Embed Pods Frameworks */ = {
			isa = PBXShellScriptBuildPhase;
			buildActionMask = 2147483647;
			files = (
			);
			inputFileListPaths = (
				"${PODS_ROOT}/Target Support Files/Pods-iTunesSearch/Pods-iTunesSearch-frameworks-${CONFIGURATION}-input-files.xcfilelist",
			);
			name = "[CP] Embed Pods Frameworks";
			outputFileListPaths = (
				"${PODS_ROOT}/Target Support Files/Pods-iTunesSearch/Pods-iTunesSearch-frameworks-${CONFIGURATION}-output-files.xcfilelist",
			);
			runOnlyForDeploymentPostprocessing = 0;
			shellPath = /bin/sh;
			shellScript = "\"${PODS_ROOT}/Target Support Files/Pods-iTunesSearch/Pods-iTunesSearch-frameworks.sh\"\n";
			showEnvVarsInLog = 0;
		};
		D755EE7DD49D29CFBB475858 /* [CP] Check Pods Manifest.lock */ = {
			isa = PBXShellScriptBuildPhase;
			buildActionMask = 2147483647;
			files = (
			);
			inputFileListPaths = (
			);
			inputPaths = (
				"${PODS_PODFILE_DIR_PATH}/Podfile.lock",
				"${PODS_ROOT}/Manifest.lock",
			);
			name = "[CP] Check Pods Manifest.lock";
			outputFileListPaths = (
			);
			outputPaths = (
				"$(DERIVED_FILE_DIR)/Pods-iTunesSearchUITests-checkManifestLockResult.txt",
			);
			runOnlyForDeploymentPostprocessing = 0;
			shellPath = /bin/sh;
			shellScript = "diff \"${PODS_PODFILE_DIR_PATH}/Podfile.lock\" \"${PODS_ROOT}/Manifest.lock\" > /dev/null\nif [ $? != 0 ] ; then\n    # print error to STDERR\n    echo \"error: The sandbox is not in sync with the Podfile.lock. Run 'pod install' or update your CocoaPods installation.\" >&2\n    exit 1\nfi\n# This output is used by Xcode 'outputs' to avoid re-running this script phase.\necho \"SUCCESS\" > \"${SCRIPT_OUTPUT_FILE_0}\"\n";
			showEnvVarsInLog = 0;
		};
		E218A74D42E46D05B8CB27B8 /* [CP] Check Pods Manifest.lock */ = {
			isa = PBXShellScriptBuildPhase;
			buildActionMask = 2147483647;
			files = (
			);
			inputFileListPaths = (
			);
			inputPaths = (
				"${PODS_PODFILE_DIR_PATH}/Podfile.lock",
				"${PODS_ROOT}/Manifest.lock",
			);
			name = "[CP] Check Pods Manifest.lock";
			outputFileListPaths = (
			);
			outputPaths = (
				"$(DERIVED_FILE_DIR)/Pods-iTunesSearchTests-checkManifestLockResult.txt",
			);
			runOnlyForDeploymentPostprocessing = 0;
			shellPath = /bin/sh;
			shellScript = "diff \"${PODS_PODFILE_DIR_PATH}/Podfile.lock\" \"${PODS_ROOT}/Manifest.lock\" > /dev/null\nif [ $? != 0 ] ; then\n    # print error to STDERR\n    echo \"error: The sandbox is not in sync with the Podfile.lock. Run 'pod install' or update your CocoaPods installation.\" >&2\n    exit 1\nfi\n# This output is used by Xcode 'outputs' to avoid re-running this script phase.\necho \"SUCCESS\" > \"${SCRIPT_OUTPUT_FILE_0}\"\n";
			showEnvVarsInLog = 0;
		};
		EA721088671F9F2AF6A4707F /* [CP] Embed Pods Frameworks */ = {
			isa = PBXShellScriptBuildPhase;
			buildActionMask = 2147483647;
			files = (
			);
			inputFileListPaths = (
				"${PODS_ROOT}/Target Support Files/Pods-iTunesSearchTests/Pods-iTunesSearchTests-frameworks-${CONFIGURATION}-input-files.xcfilelist",
			);
			name = "[CP] Embed Pods Frameworks";
			outputFileListPaths = (
				"${PODS_ROOT}/Target Support Files/Pods-iTunesSearchTests/Pods-iTunesSearchTests-frameworks-${CONFIGURATION}-output-files.xcfilelist",
			);
			runOnlyForDeploymentPostprocessing = 0;
			shellPath = /bin/sh;
			shellScript = "\"${PODS_ROOT}/Target Support Files/Pods-iTunesSearchTests/Pods-iTunesSearchTests-frameworks.sh\"\n";
			showEnvVarsInLog = 0;
		};
/* End PBXShellScriptBuildPhase section */

/* Begin PBXSourcesBuildPhase section */
		4F9C3F7B23BE7F89005DEB98 /* Sources */ = {
			isa = PBXSourcesBuildPhase;
			buildActionMask = 2147483647;
			files = (
				4F9C3F8323BE7F89005DEB98 /* AppDelegate.swift in Sources */,
				4F9C3FB623BE8F8F005DEB98 /* TrackApi.swift in Sources */,
				4F9C3F8523BE7F89005DEB98 /* SceneDelegate.swift in Sources */,
				4F9C3FB423BE8F73005DEB98 /* Api.swift in Sources */,
				4F9C3F8723BE7F89005DEB98 /* ContentView.swift in Sources */,
			);
			runOnlyForDeploymentPostprocessing = 0;
		};
		4F9C3F9123BE7F8A005DEB98 /* Sources */ = {
			isa = PBXSourcesBuildPhase;
			buildActionMask = 2147483647;
			files = (
				4F9C3FB823BE8FB8005DEB98 /* TrackApiTest.swift in Sources */,
			);
			runOnlyForDeploymentPostprocessing = 0;
		};
		4F9C3F9C23BE7F8A005DEB98 /* Sources */ = {
			isa = PBXSourcesBuildPhase;
			buildActionMask = 2147483647;
			files = (
				4F9C3FA523BE7F8A005DEB98 /* iTunesSearchUITests.swift in Sources */,
			);
			runOnlyForDeploymentPostprocessing = 0;
		};
/* End PBXSourcesBuildPhase section */

/* Begin PBXTargetDependency section */
		4F9C3F9723BE7F8A005DEB98 /* PBXTargetDependency */ = {
			isa = PBXTargetDependency;
			target = 4F9C3F7E23BE7F89005DEB98 /* iTunesSearch */;
			targetProxy = 4F9C3F9623BE7F8A005DEB98 /* PBXContainerItemProxy */;
		};
		4F9C3FA223BE7F8A005DEB98 /* PBXTargetDependency */ = {
			isa = PBXTargetDependency;
			target = 4F9C3F7E23BE7F89005DEB98 /* iTunesSearch */;
			targetProxy = 4F9C3FA123BE7F8A005DEB98 /* PBXContainerItemProxy */;
		};
/* End PBXTargetDependency section */

/* Begin PBXVariantGroup section */
		4F9C3F8D23BE7F8A005DEB98 /* LaunchScreen.storyboard */ = {
			isa = PBXVariantGroup;
			children = (
				4F9C3F8E23BE7F8A005DEB98 /* Base */,
			);
			name = LaunchScreen.storyboard;
			sourceTree = "<group>";
		};
/* End PBXVariantGroup section */

/* Begin XCBuildConfiguration section */
		4F9C3FA723BE7F8A005DEB98 /* Debug */ = {
			isa = XCBuildConfiguration;
			buildSettings = {
				ALWAYS_SEARCH_USER_PATHS = NO;
				CLANG_ANALYZER_NONNULL = YES;
				CLANG_ANALYZER_NUMBER_OBJECT_CONVERSION = YES_AGGRESSIVE;
				CLANG_CXX_LANGUAGE_STANDARD = "gnu++14";
				CLANG_CXX_LIBRARY = "libc++";
				CLANG_ENABLE_MODULES = YES;
				CLANG_ENABLE_OBJC_ARC = YES;
				CLANG_ENABLE_OBJC_WEAK = YES;
				CLANG_WARN_BLOCK_CAPTURE_AUTORELEASING = YES;
				CLANG_WARN_BOOL_CONVERSION = YES;
				CLANG_WARN_COMMA = YES;
				CLANG_WARN_CONSTANT_CONVERSION = YES;
				CLANG_WARN_DEPRECATED_OBJC_IMPLEMENTATIONS = YES;
				CLANG_WARN_DIRECT_OBJC_ISA_USAGE = YES_ERROR;
				CLANG_WARN_DOCUMENTATION_COMMENTS = YES;
				CLANG_WARN_EMPTY_BODY = YES;
				CLANG_WARN_ENUM_CONVERSION = YES;
				CLANG_WARN_INFINITE_RECURSION = YES;
				CLANG_WARN_INT_CONVERSION = YES;
				CLANG_WARN_NON_LITERAL_NULL_CONVERSION = YES;
				CLANG_WARN_OBJC_IMPLICIT_RETAIN_SELF = YES;
				CLANG_WARN_OBJC_LITERAL_CONVERSION = YES;
				CLANG_WARN_OBJC_ROOT_CLASS = YES_ERROR;
				CLANG_WARN_RANGE_LOOP_ANALYSIS = YES;
				CLANG_WARN_STRICT_PROTOTYPES = YES;
				CLANG_WARN_SUSPICIOUS_MOVE = YES;
				CLANG_WARN_UNGUARDED_AVAILABILITY = YES_AGGRESSIVE;
				CLANG_WARN_UNREACHABLE_CODE = YES;
				CLANG_WARN__DUPLICATE_METHOD_MATCH = YES;
				COPY_PHASE_STRIP = NO;
				DEBUG_INFORMATION_FORMAT = dwarf;
				ENABLE_STRICT_OBJC_MSGSEND = YES;
				ENABLE_TESTABILITY = YES;
				GCC_C_LANGUAGE_STANDARD = gnu11;
				GCC_DYNAMIC_NO_PIC = NO;
				GCC_NO_COMMON_BLOCKS = YES;
				GCC_OPTIMIZATION_LEVEL = 0;
				GCC_PREPROCESSOR_DEFINITIONS = (
					"DEBUG=1",
					"$(inherited)",
				);
				GCC_WARN_64_TO_32_BIT_CONVERSION = YES;
				GCC_WARN_ABOUT_RETURN_TYPE = YES_ERROR;
				GCC_WARN_UNDECLARED_SELECTOR = YES;
				GCC_WARN_UNINITIALIZED_AUTOS = YES_AGGRESSIVE;
				GCC_WARN_UNUSED_FUNCTION = YES;
				GCC_WARN_UNUSED_VARIABLE = YES;
				IPHONEOS_DEPLOYMENT_TARGET = 13.0;
				MTL_ENABLE_DEBUG_INFO = INCLUDE_SOURCE;
				MTL_FAST_MATH = YES;
				ONLY_ACTIVE_ARCH = YES;
				SDKROOT = iphoneos;
				SWIFT_ACTIVE_COMPILATION_CONDITIONS = DEBUG;
				SWIFT_OPTIMIZATION_LEVEL = "-Onone";
			};
			name = Debug;
		};
		4F9C3FA823BE7F8A005DEB98 /* Release */ = {
			isa = XCBuildConfiguration;
			buildSettings = {
				ALWAYS_SEARCH_USER_PATHS = NO;
				CLANG_ANALYZER_NONNULL = YES;
				CLANG_ANALYZER_NUMBER_OBJECT_CONVERSION = YES_AGGRESSIVE;
				CLANG_CXX_LANGUAGE_STANDARD = "gnu++14";
				CLANG_CXX_LIBRARY = "libc++";
				CLANG_ENABLE_MODULES = YES;
				CLANG_ENABLE_OBJC_ARC = YES;
				CLANG_ENABLE_OBJC_WEAK = YES;
				CLANG_WARN_BLOCK_CAPTURE_AUTORELEASING = YES;
				CLANG_WARN_BOOL_CONVERSION = YES;
				CLANG_WARN_COMMA = YES;
				CLANG_WARN_CONSTANT_CONVERSION = YES;
				CLANG_WARN_DEPRECATED_OBJC_IMPLEMENTATIONS = YES;
				CLANG_WARN_DIRECT_OBJC_ISA_USAGE = YES_ERROR;
				CLANG_WARN_DOCUMENTATION_COMMENTS = YES;
				CLANG_WARN_EMPTY_BODY = YES;
				CLANG_WARN_ENUM_CONVERSION = YES;
				CLANG_WARN_INFINITE_RECURSION = YES;
				CLANG_WARN_INT_CONVERSION = YES;
				CLANG_WARN_NON_LITERAL_NULL_CONVERSION = YES;
				CLANG_WARN_OBJC_IMPLICIT_RETAIN_SELF = YES;
				CLANG_WARN_OBJC_LITERAL_CONVERSION = YES;
				CLANG_WARN_OBJC_ROOT_CLASS = YES_ERROR;
				CLANG_WARN_RANGE_LOOP_ANALYSIS = YES;
				CLANG_WARN_STRICT_PROTOTYPES = YES;
				CLANG_WARN_SUSPICIOUS_MOVE = YES;
				CLANG_WARN_UNGUARDED_AVAILABILITY = YES_AGGRESSIVE;
				CLANG_WARN_UNREACHABLE_CODE = YES;
				CLANG_WARN__DUPLICATE_METHOD_MATCH = YES;
				COPY_PHASE_STRIP = NO;
				DEBUG_INFORMATION_FORMAT = "dwarf-with-dsym";
				ENABLE_NS_ASSERTIONS = NO;
				ENABLE_STRICT_OBJC_MSGSEND = YES;
				GCC_C_LANGUAGE_STANDARD = gnu11;
				GCC_NO_COMMON_BLOCKS = YES;
				GCC_WARN_64_TO_32_BIT_CONVERSION = YES;
				GCC_WARN_ABOUT_RETURN_TYPE = YES_ERROR;
				GCC_WARN_UNDECLARED_SELECTOR = YES;
				GCC_WARN_UNINITIALIZED_AUTOS = YES_AGGRESSIVE;
				GCC_WARN_UNUSED_FUNCTION = YES;
				GCC_WARN_UNUSED_VARIABLE = YES;
				IPHONEOS_DEPLOYMENT_TARGET = 13.0;
				MTL_ENABLE_DEBUG_INFO = NO;
				MTL_FAST_MATH = YES;
				SDKROOT = iphoneos;
				SWIFT_COMPILATION_MODE = wholemodule;
				SWIFT_OPTIMIZATION_LEVEL = "-O";
				VALIDATE_PRODUCT = YES;
			};
			name = Release;
		};
		4F9C3FAA23BE7F8A005DEB98 /* Debug */ = {
			isa = XCBuildConfiguration;
			baseConfigurationReference = 14EDAFAD701932050FE74305 /* Pods-iTunesSearch.debug.xcconfig */;
			buildSettings = {
				ASSETCATALOG_COMPILER_APPICON_NAME = AppIcon;
				CODE_SIGN_STYLE = Automatic;
				DEVELOPMENT_ASSET_PATHS = "\"iTunesSearch/Preview Content\"";
				DEVELOPMENT_TEAM = T6KHP87R84;
				ENABLE_PREVIEWS = YES;
				INFOPLIST_FILE = iTunesSearch/Info.plist;
				LD_RUNPATH_SEARCH_PATHS = (
					"$(inherited)",
					"@executable_path/Frameworks",
				);
				PRODUCT_BUNDLE_IDENTIFIER = com.blueprint.iTunesSearch;
				PRODUCT_NAME = "$(TARGET_NAME)";
				SWIFT_VERSION = 5.0;
				TARGETED_DEVICE_FAMILY = "1,2";
			};
			name = Debug;
		};
		4F9C3FAB23BE7F8A005DEB98 /* Release */ = {
			isa = XCBuildConfiguration;
			baseConfigurationReference = E08489D77B5171A64507F74C /* Pods-iTunesSearch.release.xcconfig */;
			buildSettings = {
				ASSETCATALOG_COMPILER_APPICON_NAME = AppIcon;
				CODE_SIGN_STYLE = Automatic;
				DEVELOPMENT_ASSET_PATHS = "\"iTunesSearch/Preview Content\"";
				DEVELOPMENT_TEAM = T6KHP87R84;
				ENABLE_PREVIEWS = YES;
				INFOPLIST_FILE = iTunesSearch/Info.plist;
				LD_RUNPATH_SEARCH_PATHS = (
					"$(inherited)",
					"@executable_path/Frameworks",
				);
				PRODUCT_BUNDLE_IDENTIFIER = com.blueprint.iTunesSearch;
				PRODUCT_NAME = "$(TARGET_NAME)";
				SWIFT_VERSION = 5.0;
				TARGETED_DEVICE_FAMILY = "1,2";
			};
			name = Release;
		};
		4F9C3FAD23BE7F8A005DEB98 /* Debug */ = {
			isa = XCBuildConfiguration;
			baseConfigurationReference = 10E6C381085CE4F28358ED58 /* Pods-iTunesSearchTests.debug.xcconfig */;
			buildSettings = {
				ALWAYS_EMBED_SWIFT_STANDARD_LIBRARIES = YES;
				BUNDLE_LOADER = "$(TEST_HOST)";
				CODE_SIGN_STYLE = Automatic;
				DEVELOPMENT_TEAM = T6KHP87R84;
				INFOPLIST_FILE = iTunesSearchTests/Info.plist;
				IPHONEOS_DEPLOYMENT_TARGET = 13.0;
				LD_RUNPATH_SEARCH_PATHS = (
					"$(inherited)",
					"@executable_path/Frameworks",
					"@loader_path/Frameworks",
				);
				PRODUCT_BUNDLE_IDENTIFIER = com.blueprint.iTunesSearchTests;
				PRODUCT_NAME = "$(TARGET_NAME)";
				SWIFT_VERSION = 5.0;
				TARGETED_DEVICE_FAMILY = "1,2";
				TEST_HOST = "$(BUILT_PRODUCTS_DIR)/iTunesSearch.app/iTunesSearch";
			};
			name = Debug;
		};
		4F9C3FAE23BE7F8A005DEB98 /* Release */ = {
			isa = XCBuildConfiguration;
			baseConfigurationReference = 80F6B96E16550D88A53242E0 /* Pods-iTunesSearchTests.release.xcconfig */;
			buildSettings = {
				ALWAYS_EMBED_SWIFT_STANDARD_LIBRARIES = YES;
				BUNDLE_LOADER = "$(TEST_HOST)";
				CODE_SIGN_STYLE = Automatic;
				DEVELOPMENT_TEAM = T6KHP87R84;
				INFOPLIST_FILE = iTunesSearchTests/Info.plist;
				IPHONEOS_DEPLOYMENT_TARGET = 13.0;
				LD_RUNPATH_SEARCH_PATHS = (
					"$(inherited)",
					"@executable_path/Frameworks",
					"@loader_path/Frameworks",
				);
				PRODUCT_BUNDLE_IDENTIFIER = com.blueprint.iTunesSearchTests;
				PRODUCT_NAME = "$(TARGET_NAME)";
				SWIFT_VERSION = 5.0;
				TARGETED_DEVICE_FAMILY = "1,2";
				TEST_HOST = "$(BUILT_PRODUCTS_DIR)/iTunesSearch.app/iTunesSearch";
			};
			name = Release;
		};
		4F9C3FB023BE7F8A005DEB98 /* Debug */ = {
			isa = XCBuildConfiguration;
			baseConfigurationReference = 57F468676CA2617425A55E36 /* Pods-iTunesSearchUITests.debug.xcconfig */;
			buildSettings = {
				ALWAYS_EMBED_SWIFT_STANDARD_LIBRARIES = YES;
				CODE_SIGN_STYLE = Automatic;
				DEVELOPMENT_TEAM = T6KHP87R84;
				INFOPLIST_FILE = iTunesSearchUITests/Info.plist;
				LD_RUNPATH_SEARCH_PATHS = (
					"$(inherited)",
					"@executable_path/Frameworks",
					"@loader_path/Frameworks",
				);
				PRODUCT_BUNDLE_IDENTIFIER = com.blueprint.iTunesSearchUITests;
				PRODUCT_NAME = "$(TARGET_NAME)";
				SWIFT_VERSION = 5.0;
				TARGETED_DEVICE_FAMILY = "1,2";
				TEST_TARGET_NAME = iTunesSearch;
			};
			name = Debug;
		};
		4F9C3FB123BE7F8A005DEB98 /* Release */ = {
			isa = XCBuildConfiguration;
			baseConfigurationReference = 22E214E1A916A8DCC15E4789 /* Pods-iTunesSearchUITests.release.xcconfig */;
			buildSettings = {
				ALWAYS_EMBED_SWIFT_STANDARD_LIBRARIES = YES;
				CODE_SIGN_STYLE = Automatic;
				DEVELOPMENT_TEAM = T6KHP87R84;
				INFOPLIST_FILE = iTunesSearchUITests/Info.plist;
				LD_RUNPATH_SEARCH_PATHS = (
					"$(inherited)",
					"@executable_path/Frameworks",
					"@loader_path/Frameworks",
				);
				PRODUCT_BUNDLE_IDENTIFIER = com.blueprint.iTunesSearchUITests;
				PRODUCT_NAME = "$(TARGET_NAME)";
				SWIFT_VERSION = 5.0;
				TARGETED_DEVICE_FAMILY = "1,2";
				TEST_TARGET_NAME = iTunesSearch;
			};
			name = Release;
		};
/* End XCBuildConfiguration section */

/* Begin XCConfigurationList section */
		4F9C3F7A23BE7F89005DEB98 /* Build configuration list for PBXProject "iTunesSearch" */ = {
			isa = XCConfigurationList;
			buildConfigurations = (
				4F9C3FA723BE7F8A005DEB98 /* Debug */,
				4F9C3FA823BE7F8A005DEB98 /* Release */,
			);
			defaultConfigurationIsVisible = 0;
			defaultConfigurationName = Release;
		};
		4F9C3FA923BE7F8A005DEB98 /* Build configuration list for PBXNativeTarget "iTunesSearch" */ = {
			isa = XCConfigurationList;
			buildConfigurations = (
				4F9C3FAA23BE7F8A005DEB98 /* Debug */,
				4F9C3FAB23BE7F8A005DEB98 /* Release */,
			);
			defaultConfigurationIsVisible = 0;
			defaultConfigurationName = Release;
		};
		4F9C3FAC23BE7F8A005DEB98 /* Build configuration list for PBXNativeTarget "iTunesSearchTests" */ = {
			isa = XCConfigurationList;
			buildConfigurations = (
				4F9C3FAD23BE7F8A005DEB98 /* Debug */,
				4F9C3FAE23BE7F8A005DEB98 /* Release */,
			);
			defaultConfigurationIsVisible = 0;
			defaultConfigurationName = Release;
		};
		4F9C3FAF23BE7F8A005DEB98 /* Build configuration list for PBXNativeTarget "iTunesSearchUITests" */ = {
			isa = XCConfigurationList;
			buildConfigurations = (
				4F9C3FB023BE7F8A005DEB98 /* Debug */,
				4F9C3FB123BE7F8A005DEB98 /* Release */,
			);
			defaultConfigurationIsVisible = 0;
			defaultConfigurationName = Release;
		};
/* End XCConfigurationList section */
	};
	rootObject = 4F9C3F7723BE7F89005DEB98 /* Project object */;
}
